{
  "name": "commid",
  "version": "0.1.0",
  "lockfileVersion": 2,
  "requires": true,
  "packages": {
    "": {
      "name": "commid",
      "version": "0.1.0",
      "dependencies": {
        "polycrc": "^1.1.1"
      }
    },
    "node_modules/polycrc": {
      "version": "1.1.1",
      "resolved": "https://registry.npmjs.org/polycrc/-/polycrc-1.1.1.tgz",
      "integrity": "sha512-bfvt5BA/1e3e5RhBmmYVYED3PRddGN0j+lAed5PmnLWrVCkYEsltsfZLuKgtmUz1OEvPBAZlgWfoEpUTN/po6Q=="
    }
  },
  "dependencies": {
    "polycrc": {
      "version": "1.1.1",
      "resolved": "https://registry.npmjs.org/polycrc/-/polycrc-1.1.1.tgz",
      "integrity": "sha512-bfvt5BA/1e3e5RhBmmYVYED3PRddGN0j+lAed5PmnLWrVCkYEsltsfZLuKgtmUz1OEvPBAZlgWfoEpUTN/po6Q=="
    }
  }
}
